
Microsoft Visual Studio Solution File, Format Version 12.00
# Visual Studio Version 16
VisualStudioVersion = 16.0.30611.23
MinimumVisualStudioVersion = 10.0.40219.1
Project("{FAE04EC0-301F-11D3-BF4B-00C04F79EFBC}") = "DZ1", "DZ1\DZ1.csproj", "{194D97BB-2C57-4506-9EDD-650402CCEAF9}"
EndProject
Global
	GlobalSection(SolutionConfigurationPlatforms) = preSolution
		Debug|Any CPU = Debug|Any CPU
		Release|Any CPU = Release|Any CPU
	EndGlobalSection
	GlobalSection(ProjectConfigurationPlatforms) = postSolution
		{194D97BB-2C57-4506-9EDD-650402CCEAF9}.Debug|Any CPU.ActiveCfg = Debug|Any CPU
		{194D97BB-2C57-4506-9EDD-650402CCEAF9}.Debug|Any CPU.Build.0 = Debug|Any CPU
		{194D97BB-2C57-4506-9EDD-650402CCEAF9}.Release|Any CPU.ActiveCfg = Release|Any CPU
		{194D97BB-2C57-4506-9EDD-650402CCEAF9}.Release|Any CPU.Build.0 = Release|Any CPU
	EndGlobalSection
	GlobalSection(SolutionProperties) = preSolution
		HideSolutionNode = FALSE
	EndGlobalSection
	GlobalSection(ExtensibilityGlobals) = postSolution
		SolutionGuid = {24E256BF-074F-45C8-9E41-011604A60EBE}
	EndGlobalSection
EndGlobal
